// !$*UTF8*$!
{
	archiveVersion = 1;
	classes = {
	};
	objectVersion = 51;
	objects = {

/* Begin PBXBuildFile section */
		899E5B0024DB7AA7002A2CDD /* moleScanDetectorModel1.mlmodel in Sources */ = {isa = PBXBuildFile; fileRef = 899E5AFF24DB7AA7002A2CDD /* moleScanDetectorModel1.mlmodel */; };
		89E9223024D3361300241928 /* AppDelegate.swift in Sources */ = {isa = PBXBuildFile; fileRef = 89E9222F24D3361300241928 /* AppDelegate.swift */; };
		89E9223224D3361300241928 /* SceneDelegate.swift in Sources */ = {isa = PBXBuildFile; fileRef = 89E9223124D3361300241928 /* SceneDelegate.swift */; };
		89E9223424D3361300241928 /* ViewController.swift in Sources */ = {isa = PBXBuildFile; fileRef = 89E9223324D3361300241928 /* ViewController.swift */; };
		89E9223724D3361300241928 /* Main.storyboard in Resources */ = {isa = PBXBuildFile; fileRef = 89E9223524D3361300241928 /* Main.storyboard */; };
		89E9223C24D3361A00241928 /* LaunchScreen.storyboard in Resources */ = {isa = PBXBuildFile; fileRef = 89E9223A24D3361A00241928 /* LaunchScreen.storyboard */; };
		89E9226A24D341B000241928 /* BodyViewController.swift in Sources */ = {isa = PBXBuildFile; fileRef = 89E9226924D341B000241928 /* BodyViewController.swift */; };
		89E9226C24D358EC00241928 /* Entry.swift in Sources */ = {isa = PBXBuildFile; fileRef = 89E9226B24D358EC00241928 /* Entry.swift */; };
		89E9226E24D3757100241928 /* DisplayImageViewController.swift in Sources */ = {isa = PBXBuildFile; fileRef = 89E9226D24D3757000241928 /* DisplayImageViewController.swift */; };
		F725F86A2509D5C6002FC632 /* Assets.xcassets in Resources */ = {isa = PBXBuildFile; fileRef = F725F8692509D5C6002FC632 /* Assets.xcassets */; };
		F725F86C2509D67C002FC632 /* SecondViewController.swift in Sources */ = {isa = PBXBuildFile; fileRef = F725F86B2509D67C002FC632 /* SecondViewController.swift */; };
/* End PBXBuildFile section */

/* Begin PBXFileReference section */
		899E5AFF24DB7AA7002A2CDD /* moleScanDetectorModel1.mlmodel */ = {isa = PBXFileReference; lastKnownFileType = file.mlmodel; path = moleScanDetectorModel1.mlmodel; sourceTree = "<group>"; };
		89E9222C24D3361300241928 /* MoleScan.app */ = {isa = PBXFileReference; explicitFileType = wrapper.application; includeInIndex = 0; path = MoleScan.app; sourceTree = BUILT_PRODUCTS_DIR; };
		89E9222F24D3361300241928 /* AppDelegate.swift */ = {isa = PBXFileReference; lastKnownFileType = sourcecode.swift; path = AppDelegate.swift; sourceTree = "<group>"; };
		89E9223124D3361300241928 /* SceneDelegate.swift */ = {isa = PBXFileReference; lastKnownFileType = sourcecode.swift; path = SceneDelegate.swift; sourceTree = "<group>"; };
		89E9223324D3361300241928 /* ViewController.swift */ = {isa = PBXFileReference; lastKnownFileType = sourcecode.swift; path = ViewController.swift; sourceTree = "<group>"; };
		89E9223624D3361300241928 /* Base */ = {isa = PBXFileReference; lastKnownFileType = file.storyboard; name = Base; path = Base.lproj/Main.storyboard; sourceTree = "<group>"; };
		89E9223B24D3361A00241928 /* Base */ = {isa = PBXFileReference; lastKnownFileType = file.storyboard; name = Base; path = Base.lproj/LaunchScreen.storyboard; sourceTree = "<group>"; };
		89E9223D24D3361A00241928 /* Info.plist */ = {isa = PBXFileReference; lastKnownFileType = text.plist.xml; path = Info.plist; sourceTree = "<group>"; };
		89E9226924D341B000241928 /* BodyViewController.swift */ = {isa = PBXFileReference; lastKnownFileType = sourcecode.swift; path = BodyViewController.swift; sourceTree = "<group>"; };
		89E9226B24D358EC00241928 /* Entry.swift */ = {isa = PBXFileReference; lastKnownFileType = sourcecode.swift; path = Entry.swift; sourceTree = "<group>"; };
		89E9226D24D3757000241928 /* DisplayImageViewController.swift */ = {isa = PBXFileReference; lastKnownFileType = sourcecode.swift; path = DisplayImageViewController.swift; sourceTree = "<group>"; };
		F725F8692509D5C6002FC632 /* Assets.xcassets */ = {isa = PBXFileReference; lastKnownFileType = folder.assetcatalog; name = Assets.xcassets; path = "../../../../../Volumes/G-DRIVE mobile USB-C/Assets.xcassets"; sourceTree = "<group>"; };
		F725F86B2509D67C002FC632 /* SecondViewController.swift */ = {isa = PBXFileReference; fileEncoding = 4; lastKnownFileType = sourcecode.swift; name = SecondViewController.swift; path = "../../../../../Volumes/G-DRIVE mobile USB-C/MoleScan 2/SecondViewController.swift"; sourceTree = "<group>"; };
/* End PBXFileReference section */

/* Begin PBXFrameworksBuildPhase section */
		89E9222924D3361300241928 /* Frameworks */ = {
			isa = PBXFrameworksBuildPhase;
			buildActionMask = 2147483647;
			files = (
			);
			runOnlyForDeploymentPostprocessing = 0;
		};
/* End PBXFrameworksBuildPhase section */

/* Begin PBXGroup section */
		89E9222324D3361300241928 = {
			isa = PBXGroup;
			children = (
				89E9222E24D3361300241928 /* MoleScan */,
				89E9222D24D3361300241928 /* Products */,
				D020E2B12665E40540E1D068 /* Pods */,
			);
			sourceTree = "<group>";
		};
		89E9222D24D3361300241928 /* Products */ = {
			isa = PBXGroup;
			children = (
				89E9222C24D3361300241928 /* MoleScan.app */,
			);
			name = Products;
			sourceTree = "<group>";
		};
		89E9222E24D3361300241928 /* MoleScan */ = {
			isa = PBXGroup;
			children = (
				899E5AFF24DB7AA7002A2CDD /* moleScanDetectorModel1.mlmodel */,
				89E9226B24D358EC00241928 /* Entry.swift */,
				89E9222F24D3361300241928 /* AppDelegate.swift */,
				89E9223124D3361300241928 /* SceneDelegate.swift */,
				89E9223324D3361300241928 /* ViewController.swift */,
				F725F86B2509D67C002FC632 /* SecondViewController.swift */,
				89E9226924D341B000241928 /* BodyViewController.swift */,
				89E9226D24D3757000241928 /* DisplayImageViewController.swift */,
				89E9223524D3361300241928 /* Main.storyboard */,
				F725F8692509D5C6002FC632 /* Assets.xcassets */,
				89E9223A24D3361A00241928 /* LaunchScreen.storyboard */,
				89E9223D24D3361A00241928 /* Info.plist */,
			);
			path = MoleScan;
			sourceTree = "<group>";
		};
		D020E2B12665E40540E1D068 /* Pods */ = {
			isa = PBXGroup;
			children = (
			);
			path = Pods;
			sourceTree = "<group>";
		};
/* End PBXGroup section */

/* Begin PBXNativeTarget section */
		89E9222B24D3361300241928 /* MoleScan */ = {
			isa = PBXNativeTarget;
			buildConfigurationList = 89E9224024D3361A00241928 /* Build configuration list for PBXNativeTarget "MoleScan" */;
			buildPhases = (
				89E9222824D3361300241928 /* Sources */,
				89E9222924D3361300241928 /* Frameworks */,
				89E9222A24D3361300241928 /* Resources */,
			);
			buildRules = (
			);
			dependencies = (
			);
			name = MoleScan;
			productName = MoleScan;
			productReference = 89E9222C24D3361300241928 /* MoleScan.app */;
			productType = "com.apple.product-type.application";
		};
/* End PBXNativeTarget section */

/* Begin PBXProject section */
		89E9222424D3361300241928 /* Project object */ = {
			isa = PBXProject;
			attributes = {
				LastSwiftUpdateCheck = 1150;
				LastUpgradeCheck = 1150;
				ORGANIZATIONNAME = "Asritha Bodepudi";
				TargetAttributes = {
					89E9222B24D3361300241928 = {
						CreatedOnToolsVersion = 11.5;
					};
				};
			};
			buildConfigurationList = 89E9222724D3361300241928 /* Build configuration list for PBXProject "MoleScan" */;
			compatibilityVersion = "Xcode 9.3";
			developmentRegion = en;
			hasScannedForEncodings = 0;
			knownRegions = (
				en,
				Base,
			);
			mainGroup = 89E9222324D3361300241928;
			productRefGroup = 89E9222D24D3361300241928 /* Products */;
			projectDirPath = "";
			projectRoot = "";
			targets = (
				89E9222B24D3361300241928 /* MoleScan */,
			);
		};
/* End PBXProject section */

/* Begin PBXResourcesBuildPhase section */
		89E9222A24D3361300241928 /* Resources */ = {
			isa = PBXResourcesBuildPhase;
			buildActionMask = 2147483647;
			files = (
				89E9223C24D3361A00241928 /* LaunchScreen.storyboard in Resources */,
				F725F86A2509D5C6002FC632 /* Assets.xcassets in Resources */,
				89E9223724D3361300241928 /* Main.storyboard in Resources */,
			);
			runOnlyForDeploymentPostprocessing = 0;
		};
/* End PBXResourcesBuildPhase section */

/* Begin PBXSourcesBuildPhase section */
		89E9222824D3361300241928 /* Sources */ = {
			isa = PBXSourcesBuildPhase;
			buildActionMask = 2147483647;
			files = (
				89E9226C24D358EC00241928 /* Entry.swift in Sources */,
				89E9226A24D341B000241928 /* BodyViewController.swift in Sources */,
				F725F86C2509D67C002FC632 /* SecondViewController.swift in Sources */,
				89E9223424D3361300241928 /* ViewController.swift in Sources */,
				899E5B0024DB7AA7002A2CDD /* moleScanDetectorModel1.mlmodel in Sources */,
				89E9223024D3361300241928 /* AppDelegate.swift in Sources */,
				89E9226E24D3757100241928 /* DisplayImageViewController.swift in Sources */,
				89E9223224D3361300241928 /* SceneDelegate.swift in Sources */,
			);
			runOnlyForDeploymentPostprocessing = 0;
		};
/* End PBXSourcesBuildPhase section */

/* Begin PBXVariantGroup section */
		89E9223524D3361300241928 /* Main.storyboard */ = {
			isa = PBXVariantGroup;
			children = (
				89E9223624D3361300241928 /* Base */,
			);
			name = Main.storyboard;
			sourceTree = "<group>";
		};
		89E9223A24D3361A00241928 /* LaunchScreen.storyboard */ = {
			isa = PBXVariantGroup;
			children = (
				89E9223B24D3361A00241928 /* Base */,
			);
			name = LaunchScreen.storyboard;
			sourceTree = "<group>";
		};
/* End PBXVariantGroup section */

/* Begin XCBuildConfiguration section */
		89E9223E24D3361A00241928 /* Debug */ = {
			isa = XCBuildConfiguration;
			buildSettings = {
				ALWAYS_SEARCH_USER_PATHS = NO;
				CLANG_ANALYZER_NONNULL = YES;
				CLANG_ANALYZER_NUMBER_OBJECT_CONVERSION = YES_AGGRESSIVE;
				CLANG_CXX_LANGUAGE_STANDARD = "gnu++14";
				CLANG_CXX_LIBRARY = "libc++";
				CLANG_ENABLE_MODULES = YES;
				CLANG_ENABLE_OBJC_ARC = YES;
				CLANG_ENABLE_OBJC_WEAK = YES;
				CLANG_WARN_BLOCK_CAPTURE_AUTORELEASING = YES;
				CLANG_WARN_BOOL_CONVERSION = YES;
				CLANG_WARN_COMMA = YES;
				CLANG_WARN_CONSTANT_CONVERSION = YES;
				CLANG_WARN_DEPRECATED_OBJC_IMPLEMENTATIONS = YES;
				CLANG_WARN_DIRECT_OBJC_ISA_USAGE = YES_ERROR;
				CLANG_WARN_DOCUMENTATION_COMMENTS = YES;
				CLANG_WARN_EMPTY_BODY = YES;
				CLANG_WARN_ENUM_CONVERSION = YES;
				CLANG_WARN_INFINITE_RECURSION = YES;
				CLANG_WARN_INT_CONVERSION = YES;
				CLANG_WARN_NON_LITERAL_NULL_CONVERSION = YES;
				CLANG_WARN_OBJC_IMPLICIT_RETAIN_SELF = YES;
				CLANG_WARN_OBJC_LITERAL_CONVERSION = YES;
				CLANG_WARN_OBJC_ROOT_CLASS = YES_ERROR;
				CLANG_WARN_RANGE_LOOP_ANALYSIS = YES;
				CLANG_WARN_STRICT_PROTOTYPES = YES;
				CLANG_WARN_SUSPICIOUS_MOVE = YES;
				CLANG_WARN_UNGUARDED_AVAILABILITY = YES_AGGRESSIVE;
				CLANG_WARN_UNREACHABLE_CODE = YES;
				CLANG_WARN__DUPLICATE_METHOD_MATCH = YES;
				COPY_PHASE_STRIP = NO;
				DEBUG_INFORMATION_FORMAT = dwarf;
				ENABLE_STRICT_OBJC_MSGSEND = YES;
				ENABLE_TESTABILITY = YES;
				GCC_C_LANGUAGE_STANDARD = gnu11;
				GCC_DYNAMIC_NO_PIC = NO;
				GCC_NO_COMMON_BLOCKS = YES;
				GCC_OPTIMIZATION_LEVEL = 0;
				GCC_PREPROCESSOR_DEFINITIONS = (
					"DEBUG=1",
					"$(inherited)",
				);
				GCC_WARN_64_TO_32_BIT_CONVERSION = YES;
				GCC_WARN_ABOUT_RETURN_TYPE = YES_ERROR;
				GCC_WARN_UNDECLARED_SELECTOR = YES;
				GCC_WARN_UNINITIALIZED_AUTOS = YES_AGGRESSIVE;
				GCC_WARN_UNUSED_FUNCTION = YES;
				GCC_WARN_UNUSED_VARIABLE = YES;
				IPHONEOS_DEPLOYMENT_TARGET = 13.5;
				MTL_ENABLE_DEBUG_INFO = INCLUDE_SOURCE;
				MTL_FAST_MATH = YES;
				ONLY_ACTIVE_ARCH = YES;
				SDKROOT = iphoneos;
				SWIFT_ACTIVE_COMPILATION_CONDITIONS = DEBUG;
				SWIFT_OPTIMIZATION_LEVEL = "-Onone";
			};
			name = Debug;
		};
		89E9223F24D3361A00241928 /* Release */ = {
			isa = XCBuildConfiguration;
			buildSettings = {
				ALWAYS_SEARCH_USER_PATHS = NO;
				CLANG_ANALYZER_NONNULL = YES;
				CLANG_ANALYZER_NUMBER_OBJECT_CONVERSION = YES_AGGRESSIVE;
				CLANG_CXX_LANGUAGE_STANDARD = "gnu++14";
				CLANG_CXX_LIBRARY = "libc++";
				CLANG_ENABLE_MODULES = YES;
				CLANG_ENABLE_OBJC_ARC = YES;
				CLANG_ENABLE_OBJC_WEAK = YES;
				CLANG_WARN_BLOCK_CAPTURE_AUTORELEASING = YES;
				CLANG_WARN_BOOL_CONVERSION = YES;
				CLANG_WARN_COMMA = YES;
				CLANG_WARN_CONSTANT_CONVERSION = YES;
				CLANG_WARN_DEPRECATED_OBJC_IMPLEMENTATIONS = YES;
				CLANG_WARN_DIRECT_OBJC_ISA_USAGE = YES_ERROR;
				CLANG_WARN_DOCUMENTATION_COMMENTS = YES;
				CLANG_WARN_EMPTY_BODY = YES;
				CLANG_WARN_ENUM_CONVERSION = YES;
				CLANG_WARN_INFINITE_RECURSION = YES;
				CLANG_WARN_INT_CONVERSION = YES;
				CLANG_WARN_NON_LITERAL_NULL_CONVERSION = YES;
				CLANG_WARN_OBJC_IMPLICIT_RETAIN_SELF = YES;
				CLANG_WARN_OBJC_LITERAL_CONVERSION = YES;
				CLANG_WARN_OBJC_ROOT_CLASS = YES_ERROR;
				CLANG_WARN_RANGE_LOOP_ANALYSIS = YES;
				CLANG_WARN_STRICT_PROTOTYPES = YES;
				CLANG_WARN_SUSPICIOUS_MOVE = YES;
				CLANG_WARN_UNGUARDED_AVAILABILITY = YES_AGGRESSIVE;
				CLANG_WARN_UNREACHABLE_CODE = YES;
				CLANG_WARN__DUPLICATE_METHOD_MATCH = YES;
				COPY_PHASE_STRIP = NO;
				DEBUG_INFORMATION_FORMAT = "dwarf-with-dsym";
				ENABLE_NS_ASSERTIONS = NO;
				ENABLE_STRICT_OBJC_MSGSEND = YES;
				GCC_C_LANGUAGE_STANDARD = gnu11;
				GCC_NO_COMMON_BLOCKS = YES;
				GCC_WARN_64_TO_32_BIT_CONVERSION = YES;
				GCC_WARN_ABOUT_RETURN_TYPE = YES_ERROR;
				GCC_WARN_UNDECLARED_SELECTOR = YES;
				GCC_WARN_UNINITIALIZED_AUTOS = YES_AGGRESSIVE;
				GCC_WARN_UNUSED_FUNCTION = YES;
				GCC_WARN_UNUSED_VARIABLE = YES;
				IPHONEOS_DEPLOYMENT_TARGET = 13.5;
				MTL_ENABLE_DEBUG_INFO = NO;
				MTL_FAST_MATH = YES;
				SDKROOT = iphoneos;
				SWIFT_COMPILATION_MODE = wholemodule;
				SWIFT_OPTIMIZATION_LEVEL = "-O";
				VALIDATE_PRODUCT = YES;
			};
			name = Release;
		};
		89E9224124D3361A00241928 /* Debug */ = {
			isa = XCBuildConfiguration;
			buildSettings = {
				ASSETCATALOG_COMPILER_APPICON_NAME = AppIcon;
				CODE_SIGN_STYLE = Automatic;
				DEVELOPMENT_TEAM = NTC9D823P9;
				INFOPLIST_FILE = MoleScan/Info.plist;
				IPHONEOS_DEPLOYMENT_TARGET = 13.4;
				LD_RUNPATH_SEARCH_PATHS = (
					"$(inherited)",
					"@executable_path/Frameworks",
				);
				PRODUCT_BUNDLE_IDENTIFIER = com.sreedharbodepudi.MoleScan2;
				PRODUCT_NAME = "$(TARGET_NAME)";
				SWIFT_VERSION = 5.0;
				TARGETED_DEVICE_FAMILY = "1,2";
			};
			name = Debug;
		};
		89E9224224D3361A00241928 /* Release */ = {
			isa = XCBuildConfiguration;
			buildSettings = {
				ASSETCATALOG_COMPILER_APPICON_NAME = AppIcon;
				CODE_SIGN_STYLE = Automatic;
				DEVELOPMENT_TEAM = NTC9D823P9;
				INFOPLIST_FILE = MoleScan/Info.plist;
				IPHONEOS_DEPLOYMENT_TARGET = 13.4;
				LD_RUNPATH_SEARCH_PATHS = (
					"$(inherited)",
					"@executable_path/Frameworks",
				);
				PRODUCT_BUNDLE_IDENTIFIER = com.sreedharbodepudi.MoleScan2;
				PRODUCT_NAME = "$(TARGET_NAME)";
				SWIFT_VERSION = 5.0;
				TARGETED_DEVICE_FAMILY = "1,2";
			};
			name = Release;
		};
/* End XCBuildConfiguration section */

/* Begin XCConfigurationList section */
		89E9222724D3361300241928 /* Build configuration list for PBXProject "MoleScan" */ = {
			isa = XCConfigurationList;
			buildConfigurations = (
				89E9223E24D3361A00241928 /* Debug */,
				89E9223F24D3361A00241928 /* Release */,
			);
			defaultConfigurationIsVisible = 0;
			defaultConfigurationName = Release;
		};
		89E9224024D3361A00241928 /* Build configuration list for PBXNativeTarget "MoleScan" */ = {
			isa = XCConfigurationList;
			buildConfigurations = (
				89E9224124D3361A00241928 /* Debug */,
				89E9224224D3361A00241928 /* Release */,
			);
			defaultConfigurationIsVisible = 0;
			defaultConfigurationName = Release;
		};
/* End XCConfigurationList section */
	};
	rootObject = 89E9222424D3361300241928 /* Project object */;
}
